
Microsoft Visual Studio Solution File, Format Version 12.00
# Visual Studio 14
VisualStudioVersion = 14.0.25420.1
MinimumVisualStudioVersion = 10.0.40219.1
Project("{FAE04EC0-301F-11D3-BF4B-00C04F79EFBC}") = "Additional Task", "Additional Task\Additional Task.csproj", "{803BC914-0408-4B16-97BD-97EC389826DC}"
EndProject
Project("{FAE04EC0-301F-11D3-BF4B-00C04F79EFBC}") = "Task2", "Task2\Task2.csproj", "{A1B10AB1-07A7-4DBB-9DB7-2B13AC664E71}"
EndProject
Project("{FAE04EC0-301F-11D3-BF4B-00C04F79EFBC}") = "Task3", "Task3\Task3.csproj", "{FD483D64-3A61-47D4-B231-876457947AD7}"
EndProject
Project("{FAE04EC0-301F-11D3-BF4B-00C04F79EFBC}") = "SearchEngineInWPF", "SearchEngineInWPF\SearchEngineInWPF.csproj", "{61473AE2-DCCB-44EA-8BFF-6084BD0B7F7E}"
EndProject
Project("{FAE04EC0-301F-11D3-BF4B-00C04F79EFBC}") = "ColorPicker", "ColorPicker\ColorPicker.csproj", "{8EBCB8C5-8A9B-4F10-AEBA-316AB4187EDF}"
EndProject
Project("{FAE04EC0-301F-11D3-BF4B-00C04F79EFBC}") = "SeacherAndTextViewer", "SeacherAndTextViewer\SeacherAndTextViewer.csproj", "{A47A55D7-9562-404A-A24F-E9B66A2966B8}"
EndProject
Global
	GlobalSection(SolutionConfigurationPlatforms) = preSolution
		Debug|Any CPU = Debug|Any CPU
		Debug|x86 = Debug|x86
		Release|Any CPU = Release|Any CPU
		Release|x86 = Release|x86
	EndGlobalSection
	GlobalSection(ProjectConfigurationPlatforms) = postSolution
		{803BC914-0408-4B16-97BD-97EC389826DC}.Debug|Any CPU.ActiveCfg = Debug|Any CPU
		{803BC914-0408-4B16-97BD-97EC389826DC}.Debug|Any CPU.Build.0 = Debug|Any CPU
		{803BC914-0408-4B16-97BD-97EC389826DC}.Debug|x86.ActiveCfg = Debug|Any CPU
		{803BC914-0408-4B16-97BD-97EC389826DC}.Debug|x86.Build.0 = Debug|Any CPU
		{803BC914-0408-4B16-97BD-97EC389826DC}.Release|Any CPU.ActiveCfg = Release|Any CPU
		{803BC914-0408-4B16-97BD-97EC389826DC}.Release|Any CPU.Build.0 = Release|Any CPU
		{803BC914-0408-4B16-97BD-97EC389826DC}.Release|x86.ActiveCfg = Release|Any CPU
		{803BC914-0408-4B16-97BD-97EC389826DC}.Release|x86.Build.0 = Release|Any CPU
		{A1B10AB1-07A7-4DBB-9DB7-2B13AC664E71}.Debug|Any CPU.ActiveCfg = Debug|Any CPU
		{A1B10AB1-07A7-4DBB-9DB7-2B13AC664E71}.Debug|Any CPU.Build.0 = Debug|Any CPU
		{A1B10AB1-07A7-4DBB-9DB7-2B13AC664E71}.Debug|x86.ActiveCfg = Debug|Any CPU
		{A1B10AB1-07A7-4DBB-9DB7-2B13AC664E71}.Debug|x86.Build.0 = Debug|Any CPU
		{A1B10AB1-07A7-4DBB-9DB7-2B13AC664E71}.Release|Any CPU.ActiveCfg = Release|Any CPU
		{A1B10AB1-07A7-4DBB-9DB7-2B13AC664E71}.Release|Any CPU.Build.0 = Release|Any CPU
		{A1B10AB1-07A7-4DBB-9DB7-2B13AC664E71}.Release|x86.ActiveCfg = Release|Any CPU
		{A1B10AB1-07A7-4DBB-9DB7-2B13AC664E71}.Release|x86.Build.0 = Release|Any CPU
		{FD483D64-3A61-47D4-B231-876457947AD7}.Debug|Any CPU.ActiveCfg = Debug|Any CPU
		{FD483D64-3A61-47D4-B231-876457947AD7}.Debug|Any CPU.Build.0 = Debug|Any CPU
		{FD483D64-3A61-47D4-B231-876457947AD7}.Debug|x86.ActiveCfg = Debug|Any CPU
		{FD483D64-3A61-47D4-B231-876457947AD7}.Debug|x86.Build.0 = Debug|Any CPU
		{FD483D64-3A61-47D4-B231-876457947AD7}.Release|Any CPU.ActiveCfg = Release|Any CPU
		{FD483D64-3A61-47D4-B231-876457947AD7}.Release|Any CPU.Build.0 = Release|Any CPU
		{FD483D64-3A61-47D4-B231-876457947AD7}.Release|x86.ActiveCfg = Release|Any CPU
		{FD483D64-3A61-47D4-B231-876457947AD7}.Release|x86.Build.0 = Release|Any CPU
		{61473AE2-DCCB-44EA-8BFF-6084BD0B7F7E}.Debug|Any CPU.ActiveCfg = Debug|Any CPU
		{61473AE2-DCCB-44EA-8BFF-6084BD0B7F7E}.Debug|Any CPU.Build.0 = Debug|Any CPU
		{61473AE2-DCCB-44EA-8BFF-6084BD0B7F7E}.Debug|x86.ActiveCfg = Debug|Any CPU
		{61473AE2-DCCB-44EA-8BFF-6084BD0B7F7E}.Debug|x86.Build.0 = Debug|Any CPU
		{61473AE2-DCCB-44EA-8BFF-6084BD0B7F7E}.Release|Any CPU.ActiveCfg = Release|Any CPU
		{61473AE2-DCCB-44EA-8BFF-6084BD0B7F7E}.Release|Any CPU.Build.0 = Release|Any CPU
		{61473AE2-DCCB-44EA-8BFF-6084BD0B7F7E}.Release|x86.ActiveCfg = Release|Any CPU
		{61473AE2-DCCB-44EA-8BFF-6084BD0B7F7E}.Release|x86.Build.0 = Release|Any CPU
		{8EBCB8C5-8A9B-4F10-AEBA-316AB4187EDF}.Debug|Any CPU.ActiveCfg = Debug|Any CPU
		{8EBCB8C5-8A9B-4F10-AEBA-316AB4187EDF}.Debug|Any CPU.Build.0 = Debug|Any CPU
		{8EBCB8C5-8A9B-4F10-AEBA-316AB4187EDF}.Debug|x86.ActiveCfg = Debug|Any CPU
		{8EBCB8C5-8A9B-4F10-AEBA-316AB4187EDF}.Debug|x86.Build.0 = Debug|Any CPU
		{8EBCB8C5-8A9B-4F10-AEBA-316AB4187EDF}.Release|Any CPU.ActiveCfg = Release|Any CPU
		{8EBCB8C5-8A9B-4F10-AEBA-316AB4187EDF}.Release|Any CPU.Build.0 = Release|Any CPU
		{8EBCB8C5-8A9B-4F10-AEBA-316AB4187EDF}.Release|x86.ActiveCfg = Release|Any CPU
		{8EBCB8C5-8A9B-4F10-AEBA-316AB4187EDF}.Release|x86.Build.0 = Release|Any CPU
		{A47A55D7-9562-404A-A24F-E9B66A2966B8}.Debug|Any CPU.ActiveCfg = Debug|Any CPU
		{A47A55D7-9562-404A-A24F-E9B66A2966B8}.Debug|Any CPU.Build.0 = Debug|Any CPU
		{A47A55D7-9562-404A-A24F-E9B66A2966B8}.Debug|x86.ActiveCfg = Debug|Any CPU
		{A47A55D7-9562-404A-A24F-E9B66A2966B8}.Debug|x86.Build.0 = Debug|Any CPU
		{A47A55D7-9562-404A-A24F-E9B66A2966B8}.Release|Any CPU.ActiveCfg = Release|Any CPU
		{A47A55D7-9562-404A-A24F-E9B66A2966B8}.Release|Any CPU.Build.0 = Release|Any CPU
		{A47A55D7-9562-404A-A24F-E9B66A2966B8}.Release|x86.ActiveCfg = Release|Any CPU
		{A47A55D7-9562-404A-A24F-E9B66A2966B8}.Release|x86.Build.0 = Release|Any CPU
	EndGlobalSection
	GlobalSection(SolutionProperties) = preSolution
		HideSolutionNode = FALSE
	EndGlobalSection
EndGlobal
