
Microsoft Visual Studio Solution File, Format Version 12.00
# Visual Studio Version 16
VisualStudioVersion = 16.0.30428.66
MinimumVisualStudioVersion = 10.0.40219.1
Project("{FAE04EC0-301F-11D3-BF4B-00C04F79EFBC}") = "Additional Task", "Additional Task\Additional Task.csproj", "{E080AD7F-7B80-4028-B24E-214174FE9C41}"
EndProject
Project("{FAE04EC0-301F-11D3-BF4B-00C04F79EFBC}") = "Task 2", "Task 2\Task 2.csproj", "{542A4251-7B8F-420F-9009-18DB74DEAA92}"
EndProject
Global
	GlobalSection(SolutionConfigurationPlatforms) = preSolution
		Debug|Any CPU = Debug|Any CPU
		Release|Any CPU = Release|Any CPU
	EndGlobalSection
	GlobalSection(ProjectConfigurationPlatforms) = postSolution
		{E080AD7F-7B80-4028-B24E-214174FE9C41}.Debug|Any CPU.ActiveCfg = Debug|Any CPU
		{E080AD7F-7B80-4028-B24E-214174FE9C41}.Debug|Any CPU.Build.0 = Debug|Any CPU
		{E080AD7F-7B80-4028-B24E-214174FE9C41}.Release|Any CPU.ActiveCfg = Release|Any CPU
		{E080AD7F-7B80-4028-B24E-214174FE9C41}.Release|Any CPU.Build.0 = Release|Any CPU
		{542A4251-7B8F-420F-9009-18DB74DEAA92}.Debug|Any CPU.ActiveCfg = Debug|Any CPU
		{542A4251-7B8F-420F-9009-18DB74DEAA92}.Debug|Any CPU.Build.0 = Debug|Any CPU
		{542A4251-7B8F-420F-9009-18DB74DEAA92}.Release|Any CPU.ActiveCfg = Release|Any CPU
		{542A4251-7B8F-420F-9009-18DB74DEAA92}.Release|Any CPU.Build.0 = Release|Any CPU
	EndGlobalSection
	GlobalSection(SolutionProperties) = preSolution
		HideSolutionNode = FALSE
	EndGlobalSection
	GlobalSection(ExtensibilityGlobals) = postSolution
		SolutionGuid = {BBB87524-4F52-41C2-9E60-BC80E82B0B4F}
	EndGlobalSection
EndGlobal
