
Microsoft Visual Studio Solution File, Format Version 12.00
# Visual Studio Version 16
VisualStudioVersion = 16.0.30320.27
MinimumVisualStudioVersion = 10.0.40219.1
Project("{FAE04EC0-301F-11D3-BF4B-00C04F79EFBC}") = "Additional Task", "Additional Task\Additional Task.csproj", "{8ACCC53F-208F-4492-95FA-FB72D9A85812}"
EndProject
Global
	GlobalSection(SolutionConfigurationPlatforms) = preSolution
		Debug|Any CPU = Debug|Any CPU
		Release|Any CPU = Release|Any CPU
	EndGlobalSection
	GlobalSection(ProjectConfigurationPlatforms) = postSolution
		{8ACCC53F-208F-4492-95FA-FB72D9A85812}.Debug|Any CPU.ActiveCfg = Debug|Any CPU
		{8ACCC53F-208F-4492-95FA-FB72D9A85812}.Debug|Any CPU.Build.0 = Debug|Any CPU
		{8ACCC53F-208F-4492-95FA-FB72D9A85812}.Release|Any CPU.ActiveCfg = Release|Any CPU
		{8ACCC53F-208F-4492-95FA-FB72D9A85812}.Release|Any CPU.Build.0 = Release|Any CPU
	EndGlobalSection
	GlobalSection(SolutionProperties) = preSolution
		HideSolutionNode = FALSE
	EndGlobalSection
	GlobalSection(ExtensibilityGlobals) = postSolution
		SolutionGuid = {4F6EB8B6-0743-4C2C-85F1-F0D1CF83B27F}
	EndGlobalSection
EndGlobal
