
Microsoft Visual Studio Solution File, Format Version 12.00
# Visual Studio Version 16
VisualStudioVersion = 16.0.30428.66
MinimumVisualStudioVersion = 10.0.40219.1
Project("{FAE04EC0-301F-11D3-BF4B-00C04F79EFBC}") = "Currency Info", "Currency Info\Currency Info.csproj", "{3A665E67-E082-48A7-90D1-EA4670268FF8}"
EndProject
Project("{FAE04EC0-301F-11D3-BF4B-00C04F79EFBC}") = "Additional Task", "Additional Task\Additional Task.csproj", "{31B88939-8FB6-4F38-9B0D-82B8F82875F4}"
EndProject
Project("{FAE04EC0-301F-11D3-BF4B-00C04F79EFBC}") = "Task2", "Task2\Task2.csproj", "{859B2A1E-221B-4A11-9465-80C49206EBE8}"
EndProject
Global
	GlobalSection(SolutionConfigurationPlatforms) = preSolution
		Debug|Any CPU = Debug|Any CPU
		Release|Any CPU = Release|Any CPU
	EndGlobalSection
	GlobalSection(ProjectConfigurationPlatforms) = postSolution
		{3A665E67-E082-48A7-90D1-EA4670268FF8}.Debug|Any CPU.ActiveCfg = Debug|Any CPU
		{3A665E67-E082-48A7-90D1-EA4670268FF8}.Debug|Any CPU.Build.0 = Debug|Any CPU
		{3A665E67-E082-48A7-90D1-EA4670268FF8}.Release|Any CPU.ActiveCfg = Release|Any CPU
		{3A665E67-E082-48A7-90D1-EA4670268FF8}.Release|Any CPU.Build.0 = Release|Any CPU
		{31B88939-8FB6-4F38-9B0D-82B8F82875F4}.Debug|Any CPU.ActiveCfg = Debug|Any CPU
		{31B88939-8FB6-4F38-9B0D-82B8F82875F4}.Debug|Any CPU.Build.0 = Debug|Any CPU
		{31B88939-8FB6-4F38-9B0D-82B8F82875F4}.Release|Any CPU.ActiveCfg = Release|Any CPU
		{31B88939-8FB6-4F38-9B0D-82B8F82875F4}.Release|Any CPU.Build.0 = Release|Any CPU
		{859B2A1E-221B-4A11-9465-80C49206EBE8}.Debug|Any CPU.ActiveCfg = Debug|Any CPU
		{859B2A1E-221B-4A11-9465-80C49206EBE8}.Debug|Any CPU.Build.0 = Debug|Any CPU
		{859B2A1E-221B-4A11-9465-80C49206EBE8}.Release|Any CPU.ActiveCfg = Release|Any CPU
		{859B2A1E-221B-4A11-9465-80C49206EBE8}.Release|Any CPU.Build.0 = Release|Any CPU
	EndGlobalSection
	GlobalSection(SolutionProperties) = preSolution
		HideSolutionNode = FALSE
	EndGlobalSection
	GlobalSection(ExtensibilityGlobals) = postSolution
		SolutionGuid = {4855F848-6A67-4E74-9F1A-962D1F865FE6}
	EndGlobalSection
EndGlobal
