
Microsoft Visual Studio Solution File, Format Version 12.00
# Visual Studio Version 16
VisualStudioVersion = 16.0.30320.27
MinimumVisualStudioVersion = 10.0.40219.1
Project("{FAE04EC0-301F-11D3-BF4B-00C04F79EFBC}") = "Additional Task", "Additional Task\Additional Task.csproj", "{18140DA3-9C4D-49EA-B117-C61B50E5CADA}"
EndProject
Project("{FAE04EC0-301F-11D3-BF4B-00C04F79EFBC}") = "Task 2", "Task 2\Task 2.csproj", "{8CB1CE01-DAC7-430B-A38C-AA1782A5FA5F}"
EndProject
Project("{FAE04EC0-301F-11D3-BF4B-00C04F79EFBC}") = "Task 3_New Reflector", "Task 3_New Reflector\Task 3_New Reflector.csproj", "{686B1049-6B4E-4080-8464-9A056747277B}"
EndProject
Global
	GlobalSection(SolutionConfigurationPlatforms) = preSolution
		Debug|Any CPU = Debug|Any CPU
		Release|Any CPU = Release|Any CPU
	EndGlobalSection
	GlobalSection(ProjectConfigurationPlatforms) = postSolution
		{18140DA3-9C4D-49EA-B117-C61B50E5CADA}.Debug|Any CPU.ActiveCfg = Debug|Any CPU
		{18140DA3-9C4D-49EA-B117-C61B50E5CADA}.Debug|Any CPU.Build.0 = Debug|Any CPU
		{18140DA3-9C4D-49EA-B117-C61B50E5CADA}.Release|Any CPU.ActiveCfg = Release|Any CPU
		{18140DA3-9C4D-49EA-B117-C61B50E5CADA}.Release|Any CPU.Build.0 = Release|Any CPU
		{8CB1CE01-DAC7-430B-A38C-AA1782A5FA5F}.Debug|Any CPU.ActiveCfg = Debug|Any CPU
		{8CB1CE01-DAC7-430B-A38C-AA1782A5FA5F}.Debug|Any CPU.Build.0 = Debug|Any CPU
		{8CB1CE01-DAC7-430B-A38C-AA1782A5FA5F}.Release|Any CPU.ActiveCfg = Release|Any CPU
		{8CB1CE01-DAC7-430B-A38C-AA1782A5FA5F}.Release|Any CPU.Build.0 = Release|Any CPU
		{686B1049-6B4E-4080-8464-9A056747277B}.Debug|Any CPU.ActiveCfg = Debug|Any CPU
		{686B1049-6B4E-4080-8464-9A056747277B}.Debug|Any CPU.Build.0 = Debug|Any CPU
		{686B1049-6B4E-4080-8464-9A056747277B}.Release|Any CPU.ActiveCfg = Release|Any CPU
		{686B1049-6B4E-4080-8464-9A056747277B}.Release|Any CPU.Build.0 = Release|Any CPU
	EndGlobalSection
	GlobalSection(SolutionProperties) = preSolution
		HideSolutionNode = FALSE
	EndGlobalSection
	GlobalSection(ExtensibilityGlobals) = postSolution
		SolutionGuid = {5A76A0A7-9C7F-4BEE-ACD6-708EC1C19EBF}
	EndGlobalSection
EndGlobal
