
Microsoft Visual Studio Solution File, Format Version 12.00
# Visual Studio Version 16
VisualStudioVersion = 16.0.30320.27
MinimumVisualStudioVersion = 10.0.40219.1
Project("{FAE04EC0-301F-11D3-BF4B-00C04F79EFBC}") = "Additional Task", "Additional Task\Additional Task.csproj", "{90D277FB-4FCC-402F-BA78-B6DEC5FAE015}"
EndProject
Project("{FAE04EC0-301F-11D3-BF4B-00C04F79EFBC}") = "Task2", "Task2\Task2.csproj", "{049E2727-8DC1-412B-B89E-F04C95DCFB80}"
EndProject
Project("{FAE04EC0-301F-11D3-BF4B-00C04F79EFBC}") = "ServiceChangeLog", "ServiceChangeLog\ServiceChangeLog.csproj", "{4E1BC8AE-A254-46CB-BDC9-6A29B4975A99}"
EndProject
Global
	GlobalSection(SolutionConfigurationPlatforms) = preSolution
		Debug|Any CPU = Debug|Any CPU
		Release|Any CPU = Release|Any CPU
	EndGlobalSection
	GlobalSection(ProjectConfigurationPlatforms) = postSolution
		{90D277FB-4FCC-402F-BA78-B6DEC5FAE015}.Debug|Any CPU.ActiveCfg = Debug|Any CPU
		{90D277FB-4FCC-402F-BA78-B6DEC5FAE015}.Debug|Any CPU.Build.0 = Debug|Any CPU
		{90D277FB-4FCC-402F-BA78-B6DEC5FAE015}.Release|Any CPU.ActiveCfg = Release|Any CPU
		{90D277FB-4FCC-402F-BA78-B6DEC5FAE015}.Release|Any CPU.Build.0 = Release|Any CPU
		{049E2727-8DC1-412B-B89E-F04C95DCFB80}.Debug|Any CPU.ActiveCfg = Debug|Any CPU
		{049E2727-8DC1-412B-B89E-F04C95DCFB80}.Debug|Any CPU.Build.0 = Debug|Any CPU
		{049E2727-8DC1-412B-B89E-F04C95DCFB80}.Release|Any CPU.ActiveCfg = Release|Any CPU
		{049E2727-8DC1-412B-B89E-F04C95DCFB80}.Release|Any CPU.Build.0 = Release|Any CPU
		{4E1BC8AE-A254-46CB-BDC9-6A29B4975A99}.Debug|Any CPU.ActiveCfg = Debug|Any CPU
		{4E1BC8AE-A254-46CB-BDC9-6A29B4975A99}.Debug|Any CPU.Build.0 = Debug|Any CPU
		{4E1BC8AE-A254-46CB-BDC9-6A29B4975A99}.Release|Any CPU.ActiveCfg = Release|Any CPU
		{4E1BC8AE-A254-46CB-BDC9-6A29B4975A99}.Release|Any CPU.Build.0 = Release|Any CPU
	EndGlobalSection
	GlobalSection(SolutionProperties) = preSolution
		HideSolutionNode = FALSE
	EndGlobalSection
	GlobalSection(ExtensibilityGlobals) = postSolution
		SolutionGuid = {D4E430DE-E261-4C52-A59E-EF8109067881}
	EndGlobalSection
EndGlobal
