
Microsoft Visual Studio Solution File, Format Version 12.00
# Visual Studio Version 16
VisualStudioVersion = 16.0.30223.230
MinimumVisualStudioVersion = 10.0.40219.1
Project("{FAE04EC0-301F-11D3-BF4B-00C04F79EFBC}") = "Additional Task", "Additional Task\Additional Task.csproj", "{91ADDB54-1816-4451-87EA-D9B6437C76AB}"
EndProject
Project("{FAE04EC0-301F-11D3-BF4B-00C04F79EFBC}") = "Task2", "Task2\Task2.csproj", "{0BF78673-BB9F-4F59-9D5B-CD963E518793}"
EndProject
Project("{FAE04EC0-301F-11D3-BF4B-00C04F79EFBC}") = "Task3", "Task3\Task3.csproj", "{21BC44AD-8B00-4595-A180-E9687FAB2432}"
EndProject
Global
	GlobalSection(SolutionConfigurationPlatforms) = preSolution
		Debug|Any CPU = Debug|Any CPU
		Release|Any CPU = Release|Any CPU
	EndGlobalSection
	GlobalSection(ProjectConfigurationPlatforms) = postSolution
		{91ADDB54-1816-4451-87EA-D9B6437C76AB}.Debug|Any CPU.ActiveCfg = Debug|Any CPU
		{91ADDB54-1816-4451-87EA-D9B6437C76AB}.Debug|Any CPU.Build.0 = Debug|Any CPU
		{91ADDB54-1816-4451-87EA-D9B6437C76AB}.Release|Any CPU.ActiveCfg = Release|Any CPU
		{91ADDB54-1816-4451-87EA-D9B6437C76AB}.Release|Any CPU.Build.0 = Release|Any CPU
		{0BF78673-BB9F-4F59-9D5B-CD963E518793}.Debug|Any CPU.ActiveCfg = Debug|Any CPU
		{0BF78673-BB9F-4F59-9D5B-CD963E518793}.Debug|Any CPU.Build.0 = Debug|Any CPU
		{0BF78673-BB9F-4F59-9D5B-CD963E518793}.Release|Any CPU.ActiveCfg = Release|Any CPU
		{0BF78673-BB9F-4F59-9D5B-CD963E518793}.Release|Any CPU.Build.0 = Release|Any CPU
		{21BC44AD-8B00-4595-A180-E9687FAB2432}.Debug|Any CPU.ActiveCfg = Debug|Any CPU
		{21BC44AD-8B00-4595-A180-E9687FAB2432}.Debug|Any CPU.Build.0 = Debug|Any CPU
		{21BC44AD-8B00-4595-A180-E9687FAB2432}.Release|Any CPU.ActiveCfg = Release|Any CPU
		{21BC44AD-8B00-4595-A180-E9687FAB2432}.Release|Any CPU.Build.0 = Release|Any CPU
	EndGlobalSection
	GlobalSection(SolutionProperties) = preSolution
		HideSolutionNode = FALSE
	EndGlobalSection
	GlobalSection(ExtensibilityGlobals) = postSolution
		SolutionGuid = {87835C4A-5B35-4A88-8854-5DB8A6400431}
	EndGlobalSection
EndGlobal
